
Microsoft Visual Studio Solution File, Format Version 12.00
# Visual Studio Version 16
VisualStudioVersion = 16.0.35130.168
MinimumVisualStudioVersion = 10.0.40219.1
Project("{FAE04EC0-301F-11D3-BF4B-00C04F79EFBC}") = "DataPassing", "DataPassing.csproj", "{B1769AD3-F8A2-4215-967B-CA3CA212AA72}"
EndProject
Global
	GlobalSection(SolutionConfigurationPlatforms) = preSolution
		Debug|Any CPU = Debug|Any CPU
		Release|Any CPU = Release|Any CPU
	EndGlobalSection
	GlobalSection(ProjectConfigurationPlatforms) = postSolution
		{B1769AD3-F8A2-4215-967B-CA3CA212AA72}.Debug|Any CPU.ActiveCfg = Debug|Any CPU
		{B1769AD3-F8A2-4215-967B-CA3CA212AA72}.Debug|Any CPU.Build.0 = Debug|Any CPU
		{B1769AD3-F8A2-4215-967B-CA3CA212AA72}.Release|Any CPU.ActiveCfg = Release|Any CPU
		{B1769AD3-F8A2-4215-967B-CA3CA212AA72}.Release|Any CPU.Build.0 = Release|Any CPU
	EndGlobalSection
	GlobalSection(SolutionProperties) = preSolution
		HideSolutionNode = FALSE
	EndGlobalSection
	GlobalSection(ExtensibilityGlobals) = postSolution
		SolutionGuid = {A5D0D221-97A0-4571-8879-98FA137DCDB3}
	EndGlobalSection
EndGlobal
